// !$*UTF8*$!
{
	archiveVersion = 1;
	classes = {
	};
	objectVersion = 52;
	objects = {

/* Begin PBXBuildFile section */
		C0AAFCB7265F03E600996609 /* AppDelegate.swift in Sources */ = {isa = PBXBuildFile; fileRef = C0AAFCB6265F03E600996609 /* AppDelegate.swift */; };
		C0AAFCB9265F03E600996609 /* SceneDelegate.swift in Sources */ = {isa = PBXBuildFile; fileRef = C0AAFCB8265F03E600996609 /* SceneDelegate.swift */; };
		C0AAFCBB265F03E600996609 /* ViewController.swift in Sources */ = {isa = PBXBuildFile; fileRef = C0AAFCBA265F03E600996609 /* ViewController.swift */; };
		C0AAFCBE265F03E600996609 /* Main.storyboard in Resources */ = {isa = PBXBuildFile; fileRef = C0AAFCBC265F03E600996609 /* Main.storyboard */; };
		C0AAFCC0265F03EB00996609 /* Assets.xcassets in Resources */ = {isa = PBXBuildFile; fileRef = C0AAFCBF265F03EB00996609 /* Assets.xcassets */; };
		C0AAFCC3265F03EB00996609 /* LaunchScreen.storyboard in Resources */ = {isa = PBXBuildFile; fileRef = C0AAFCC1265F03EB00996609 /* LaunchScreen.storyboard */; };
		C0AAFCCF265F057600996609 /* MoviesTableViewCell.swift in Sources */ = {isa = PBXBuildFile; fileRef = C0AAFCCE265F057600996609 /* MoviesTableViewCell.swift */; };
		C0AAFCD1265F09DA00996609 /* Movie.swift in Sources */ = {isa = PBXBuildFile; fileRef = C0AAFCD0265F09DA00996609 /* Movie.swift */; };
		C0AAFCD3265F0AE100996609 /* APIClient.swift in Sources */ = {isa = PBXBuildFile; fileRef = C0AAFCD2265F0AE100996609 /* APIClient.swift */; };
		C0AAFCD7265F0B4100996609 /* Alamofire in Frameworks */ = {isa = PBXBuildFile; productRef = C0AAFCD6265F0B4100996609 /* Alamofire */; };
		C0AAFCD9265F0B8F00996609 /* ViewModel.swift in Sources */ = {isa = PBXBuildFile; fileRef = C0AAFCD8265F0B8F00996609 /* ViewModel.swift */; };
		C0AAFCDC265F1DD100996609 /* Kingfisher in Frameworks */ = {isa = PBXBuildFile; productRef = C0AAFCDB265F1DD100996609 /* Kingfisher */; };
		C0AAFCDE265F1E4400996609 /* UIImageViewExtension.swift in Sources */ = {isa = PBXBuildFile; fileRef = C0AAFCDD265F1E4400996609 /* UIImageViewExtension.swift */; };
/* End PBXBuildFile section */

/* Begin PBXFileReference section */
		C0AAFCB3265F03E600996609 /* MVVMTest.app */ = {isa = PBXFileReference; explicitFileType = wrapper.application; includeInIndex = 0; path = MVVMTest.app; sourceTree = BUILT_PRODUCTS_DIR; };
		C0AAFCB6265F03E600996609 /* AppDelegate.swift */ = {isa = PBXFileReference; lastKnownFileType = sourcecode.swift; path = AppDelegate.swift; sourceTree = "<group>"; };
		C0AAFCB8265F03E600996609 /* SceneDelegate.swift */ = {isa = PBXFileReference; lastKnownFileType = sourcecode.swift; path = SceneDelegate.swift; sourceTree = "<group>"; };
		C0AAFCBA265F03E600996609 /* ViewController.swift */ = {isa = PBXFileReference; lastKnownFileType = sourcecode.swift; path = ViewController.swift; sourceTree = "<group>"; };
		C0AAFCBD265F03E600996609 /* Base */ = {isa = PBXFileReference; lastKnownFileType = file.storyboard; name = Base; path = Base.lproj/Main.storyboard; sourceTree = "<group>"; };
		C0AAFCBF265F03EB00996609 /* Assets.xcassets */ = {isa = PBXFileReference; lastKnownFileType = folder.assetcatalog; path = Assets.xcassets; sourceTree = "<group>"; };
		C0AAFCC2265F03EB00996609 /* Base */ = {isa = PBXFileReference; lastKnownFileType = file.storyboard; name = Base; path = Base.lproj/LaunchScreen.storyboard; sourceTree = "<group>"; };
		C0AAFCC4265F03EB00996609 /* Info.plist */ = {isa = PBXFileReference; lastKnownFileType = text.plist.xml; path = Info.plist; sourceTree = "<group>"; };
		C0AAFCCE265F057600996609 /* MoviesTableViewCell.swift */ = {isa = PBXFileReference; lastKnownFileType = sourcecode.swift; path = MoviesTableViewCell.swift; sourceTree = "<group>"; };
		C0AAFCD0265F09DA00996609 /* Movie.swift */ = {isa = PBXFileReference; lastKnownFileType = sourcecode.swift; path = Movie.swift; sourceTree = "<group>"; };
		C0AAFCD2265F0AE100996609 /* APIClient.swift */ = {isa = PBXFileReference; lastKnownFileType = sourcecode.swift; path = APIClient.swift; sourceTree = "<group>"; };
		C0AAFCD8265F0B8F00996609 /* ViewModel.swift */ = {isa = PBXFileReference; lastKnownFileType = sourcecode.swift; path = ViewModel.swift; sourceTree = "<group>"; };
		C0AAFCDD265F1E4400996609 /* UIImageViewExtension.swift */ = {isa = PBXFileReference; lastKnownFileType = sourcecode.swift; path = UIImageViewExtension.swift; sourceTree = "<group>"; };
/* End PBXFileReference section */

/* Begin PBXFrameworksBuildPhase section */
		C0AAFCB0265F03E600996609 /* Frameworks */ = {
			isa = PBXFrameworksBuildPhase;
			buildActionMask = 2147483647;
			files = (
				C0AAFCDC265F1DD100996609 /* Kingfisher in Frameworks */,
				C0AAFCD7265F0B4100996609 /* Alamofire in Frameworks */,
			);
			runOnlyForDeploymentPostprocessing = 0;
		};
/* End PBXFrameworksBuildPhase section */

/* Begin PBXGroup section */
		C0AAFCAA265F03E600996609 = {
			isa = PBXGroup;
			children = (
				C0AAFCB5265F03E600996609 /* MVVMTest */,
				C0AAFCB4265F03E600996609 /* Products */,
			);
			sourceTree = "<group>";
		};
		C0AAFCB4265F03E600996609 /* Products */ = {
			isa = PBXGroup;
			children = (
				C0AAFCB3265F03E600996609 /* MVVMTest.app */,
			);
			name = Products;
			sourceTree = "<group>";
		};
		C0AAFCB5265F03E600996609 /* MVVMTest */ = {
			isa = PBXGroup;
			children = (
				C0AAFCCA265F03F600996609 /* Files */,
				C0AAFCB6265F03E600996609 /* AppDelegate.swift */,
				C0AAFCB8265F03E600996609 /* SceneDelegate.swift */,
				C0AAFCC4265F03EB00996609 /* Info.plist */,
				C0AAFCDD265F1E4400996609 /* UIImageViewExtension.swift */,
				C0AAFCD4265F0AEC00996609 /* Networking */,
				C0AAFCCB265F042300996609 /* Model */,
				C0AAFCCC265F042F00996609 /* View */,
				C0AAFCCD265F043300996609 /* ViewModel */,
			);
			path = MVVMTest;
			sourceTree = "<group>";
		};
		C0AAFCCA265F03F600996609 /* Files */ = {
			isa = PBXGroup;
			children = (
				C0AAFCBC265F03E600996609 /* Main.storyboard */,
				C0AAFCBF265F03EB00996609 /* Assets.xcassets */,
				C0AAFCC1265F03EB00996609 /* LaunchScreen.storyboard */,
			);
			path = Files;
			sourceTree = "<group>";
		};
		C0AAFCCB265F042300996609 /* Model */ = {
			isa = PBXGroup;
			children = (
				C0AAFCD0265F09DA00996609 /* Movie.swift */,
			);
			path = Model;
			sourceTree = "<group>";
		};
		C0AAFCCC265F042F00996609 /* View */ = {
			isa = PBXGroup;
			children = (
				C0AAFCBA265F03E600996609 /* ViewController.swift */,
				C0AAFCCE265F057600996609 /* MoviesTableViewCell.swift */,
			);
			path = View;
			sourceTree = "<group>";
		};
		C0AAFCCD265F043300996609 /* ViewModel */ = {
			isa = PBXGroup;
			children = (
				C0AAFCD8265F0B8F00996609 /* ViewModel.swift */,
			);
			path = ViewModel;
			sourceTree = "<group>";
		};
		C0AAFCD4265F0AEC00996609 /* Networking */ = {
			isa = PBXGroup;
			children = (
				C0AAFCD2265F0AE100996609 /* APIClient.swift */,
			);
			path = Networking;
			sourceTree = "<group>";
		};
/* End PBXGroup section */

/* Begin PBXNativeTarget section */
		C0AAFCB2265F03E600996609 /* MVVMTest */ = {
			isa = PBXNativeTarget;
			buildConfigurationList = C0AAFCC7265F03EB00996609 /* Build configuration list for PBXNativeTarget "MVVMTest" */;
			buildPhases = (
				C0AAFCAF265F03E600996609 /* Sources */,
				C0AAFCB0265F03E600996609 /* Frameworks */,
				C0AAFCB1265F03E600996609 /* Resources */,
			);
			buildRules = (
			);
			dependencies = (
			);
			name = MVVMTest;
			packageProductDependencies = (
				C0AAFCD6265F0B4100996609 /* Alamofire */,
				C0AAFCDB265F1DD100996609 /* Kingfisher */,
			);
			productName = MVVMTest;
			productReference = C0AAFCB3265F03E600996609 /* MVVMTest.app */;
			productType = "com.apple.product-type.application";
		};
/* End PBXNativeTarget section */

/* Begin PBXProject section */
		C0AAFCAB265F03E600996609 /* Project object */ = {
			isa = PBXProject;
			attributes = {
				LastSwiftUpdateCheck = 1250;
				LastUpgradeCheck = 1250;
				TargetAttributes = {
					C0AAFCB2265F03E600996609 = {
						CreatedOnToolsVersion = 12.5;
					};
				};
			};
			buildConfigurationList = C0AAFCAE265F03E600996609 /* Build configuration list for PBXProject "MVVMTest" */;
			compatibilityVersion = "Xcode 9.3";
			developmentRegion = en;
			hasScannedForEncodings = 0;
			knownRegions = (
				en,
				Base,
			);
			mainGroup = C0AAFCAA265F03E600996609;
			packageReferences = (
				C0AAFCD5265F0B4100996609 /* XCRemoteSwiftPackageReference "Alamofire" */,
				C0AAFCDA265F1DD100996609 /* XCRemoteSwiftPackageReference "Kingfisher" */,
			);
			productRefGroup = C0AAFCB4265F03E600996609 /* Products */;
			projectDirPath = "";
			projectRoot = "";
			targets = (
				C0AAFCB2265F03E600996609 /* MVVMTest */,
			);
		};
/* End PBXProject section */

/* Begin PBXResourcesBuildPhase section */
		C0AAFCB1265F03E600996609 /* Resources */ = {
			isa = PBXResourcesBuildPhase;
			buildActionMask = 2147483647;
			files = (
				C0AAFCC3265F03EB00996609 /* LaunchScreen.storyboard in Resources */,
				C0AAFCC0265F03EB00996609 /* Assets.xcassets in Resources */,
				C0AAFCBE265F03E600996609 /* Main.storyboard in Resources */,
			);
			runOnlyForDeploymentPostprocessing = 0;
		};
/* End PBXResourcesBuildPhase section */

/* Begin PBXSourcesBuildPhase section */
		C0AAFCAF265F03E600996609 /* Sources */ = {
			isa = PBXSourcesBuildPhase;
			buildActionMask = 2147483647;
			files = (
				C0AAFCBB265F03E600996609 /* ViewController.swift in Sources */,
				C0AAFCB7265F03E600996609 /* AppDelegate.swift in Sources */,
				C0AAFCCF265F057600996609 /* MoviesTableViewCell.swift in Sources */,
				C0AAFCB9265F03E600996609 /* SceneDelegate.swift in Sources */,
				C0AAFCD1265F09DA00996609 /* Movie.swift in Sources */,
				C0AAFCD3265F0AE100996609 /* APIClient.swift in Sources */,
				C0AAFCDE265F1E4400996609 /* UIImageViewExtension.swift in Sources */,
				C0AAFCD9265F0B8F00996609 /* ViewModel.swift in Sources */,
			);
			runOnlyForDeploymentPostprocessing = 0;
		};
/* End PBXSourcesBuildPhase section */

/* Begin PBXVariantGroup section */
		C0AAFCBC265F03E600996609 /* Main.storyboard */ = {
			isa = PBXVariantGroup;
			children = (
				C0AAFCBD265F03E600996609 /* Base */,
			);
			name = Main.storyboard;
			sourceTree = "<group>";
		};
		C0AAFCC1265F03EB00996609 /* LaunchScreen.storyboard */ = {
			isa = PBXVariantGroup;
			children = (
				C0AAFCC2265F03EB00996609 /* Base */,
			);
			name = LaunchScreen.storyboard;
			sourceTree = "<group>";
		};
/* End PBXVariantGroup section */

/* Begin XCBuildConfiguration section */
		C0AAFCC5265F03EB00996609 /* Debug */ = {
			isa = XCBuildConfiguration;
			buildSettings = {
				ALWAYS_SEARCH_USER_PATHS = NO;
				CLANG_ANALYZER_NONNULL = YES;
				CLANG_ANALYZER_NUMBER_OBJECT_CONVERSION = YES_AGGRESSIVE;
				CLANG_CXX_LANGUAGE_STANDARD = "gnu++14";
				CLANG_CXX_LIBRARY = "libc++";
				CLANG_ENABLE_MODULES = YES;
				CLANG_ENABLE_OBJC_ARC = YES;
				CLANG_ENABLE_OBJC_WEAK = YES;
				CLANG_WARN_BLOCK_CAPTURE_AUTORELEASING = YES;
				CLANG_WARN_BOOL_CONVERSION = YES;
				CLANG_WARN_COMMA = YES;
				CLANG_WARN_CONSTANT_CONVERSION = YES;
				CLANG_WARN_DEPRECATED_OBJC_IMPLEMENTATIONS = YES;
				CLANG_WARN_DIRECT_OBJC_ISA_USAGE = YES_ERROR;
				CLANG_WARN_DOCUMENTATION_COMMENTS = YES;
				CLANG_WARN_EMPTY_BODY = YES;
				CLANG_WARN_ENUM_CONVERSION = YES;
				CLANG_WARN_INFINITE_RECURSION = YES;
				CLANG_WARN_INT_CONVERSION = YES;
				CLANG_WARN_NON_LITERAL_NULL_CONVERSION = YES;
				CLANG_WARN_OBJC_IMPLICIT_RETAIN_SELF = YES;
				CLANG_WARN_OBJC_LITERAL_CONVERSION = YES;
				CLANG_WARN_OBJC_ROOT_CLASS = YES_ERROR;
				CLANG_WARN_QUOTED_INCLUDE_IN_FRAMEWORK_HEADER = YES;
				CLANG_WARN_RANGE_LOOP_ANALYSIS = YES;
				CLANG_WARN_STRICT_PROTOTYPES = YES;
				CLANG_WARN_SUSPICIOUS_MOVE = YES;
				CLANG_WARN_UNGUARDED_AVAILABILITY = YES_AGGRESSIVE;
				CLANG_WARN_UNREACHABLE_CODE = YES;
				CLANG_WARN__DUPLICATE_METHOD_MATCH = YES;
				COPY_PHASE_STRIP = NO;
				DEBUG_INFORMATION_FORMAT = dwarf;
				ENABLE_STRICT_OBJC_MSGSEND = YES;
				ENABLE_TESTABILITY = YES;
				GCC_C_LANGUAGE_STANDARD = gnu11;
				GCC_DYNAMIC_NO_PIC = NO;
				GCC_NO_COMMON_BLOCKS = YES;
				GCC_OPTIMIZATION_LEVEL = 0;
				GCC_PREPROCESSOR_DEFINITIONS = (
					"DEBUG=1",
					"$(inherited)",
				);
				GCC_WARN_64_TO_32_BIT_CONVERSION = YES;
				GCC_WARN_ABOUT_RETURN_TYPE = YES_ERROR;
				GCC_WARN_UNDECLARED_SELECTOR = YES;
				GCC_WARN_UNINITIALIZED_AUTOS = YES_AGGRESSIVE;
				GCC_WARN_UNUSED_FUNCTION = YES;
				GCC_WARN_UNUSED_VARIABLE = YES;
				IPHONEOS_DEPLOYMENT_TARGET = 14.5;
				MTL_ENABLE_DEBUG_INFO = INCLUDE_SOURCE;
				MTL_FAST_MATH = YES;
				ONLY_ACTIVE_ARCH = YES;
				SDKROOT = iphoneos;
				SWIFT_ACTIVE_COMPILATION_CONDITIONS = DEBUG;
				SWIFT_OPTIMIZATION_LEVEL = "-Onone";
			};
			name = Debug;
		};
		C0AAFCC6265F03EB00996609 /* Release */ = {
			isa = XCBuildConfiguration;
			buildSettings = {
				ALWAYS_SEARCH_USER_PATHS = NO;
				CLANG_ANALYZER_NONNULL = YES;
				CLANG_ANALYZER_NUMBER_OBJECT_CONVERSION = YES_AGGRESSIVE;
				CLANG_CXX_LANGUAGE_STANDARD = "gnu++14";
				CLANG_CXX_LIBRARY = "libc++";
				CLANG_ENABLE_MODULES = YES;
				CLANG_ENABLE_OBJC_ARC = YES;
				CLANG_ENABLE_OBJC_WEAK = YES;
				CLANG_WARN_BLOCK_CAPTURE_AUTORELEASING = YES;
				CLANG_WARN_BOOL_CONVERSION = YES;
				CLANG_WARN_COMMA = YES;
				CLANG_WARN_CONSTANT_CONVERSION = YES;
				CLANG_WARN_DEPRECATED_OBJC_IMPLEMENTATIONS = YES;
				CLANG_WARN_DIRECT_OBJC_ISA_USAGE = YES_ERROR;
				CLANG_WARN_DOCUMENTATION_COMMENTS = YES;
				CLANG_WARN_EMPTY_BODY = YES;
				CLANG_WARN_ENUM_CONVERSION = YES;
				CLANG_WARN_INFINITE_RECURSION = YES;
				CLANG_WARN_INT_CONVERSION = YES;
				CLANG_WARN_NON_LITERAL_NULL_CONVERSION = YES;
				CLANG_WARN_OBJC_IMPLICIT_RETAIN_SELF = YES;
				CLANG_WARN_OBJC_LITERAL_CONVERSION = YES;
				CLANG_WARN_OBJC_ROOT_CLASS = YES_ERROR;
				CLANG_WARN_QUOTED_INCLUDE_IN_FRAMEWORK_HEADER = YES;
				CLANG_WARN_RANGE_LOOP_ANALYSIS = YES;
				CLANG_WARN_STRICT_PROTOTYPES = YES;
				CLANG_WARN_SUSPICIOUS_MOVE = YES;
				CLANG_WARN_UNGUARDED_AVAILABILITY = YES_AGGRESSIVE;
				CLANG_WARN_UNREACHABLE_CODE = YES;
				CLANG_WARN__DUPLICATE_METHOD_MATCH = YES;
				COPY_PHASE_STRIP = NO;
				DEBUG_INFORMATION_FORMAT = "dwarf-with-dsym";
				ENABLE_NS_ASSERTIONS = NO;
				ENABLE_STRICT_OBJC_MSGSEND = YES;
				GCC_C_LANGUAGE_STANDARD = gnu11;
				GCC_NO_COMMON_BLOCKS = YES;
				GCC_WARN_64_TO_32_BIT_CONVERSION = YES;
				GCC_WARN_ABOUT_RETURN_TYPE = YES_ERROR;
				GCC_WARN_UNDECLARED_SELECTOR = YES;
				GCC_WARN_UNINITIALIZED_AUTOS = YES_AGGRESSIVE;
				GCC_WARN_UNUSED_FUNCTION = YES;
				GCC_WARN_UNUSED_VARIABLE = YES;
				IPHONEOS_DEPLOYMENT_TARGET = 14.5;
				MTL_ENABLE_DEBUG_INFO = NO;
				MTL_FAST_MATH = YES;
				SDKROOT = iphoneos;
				SWIFT_COMPILATION_MODE = wholemodule;
				SWIFT_OPTIMIZATION_LEVEL = "-O";
				VALIDATE_PRODUCT = YES;
			};
			name = Release;
		};
		C0AAFCC8265F03EB00996609 /* Debug */ = {
			isa = XCBuildConfiguration;
			buildSettings = {
				ASSETCATALOG_COMPILER_APPICON_NAME = AppIcon;
				ASSETCATALOG_COMPILER_GLOBAL_ACCENT_COLOR_NAME = AccentColor;
				CODE_SIGN_STYLE = Automatic;
				DEVELOPMENT_TEAM = G2RUWHUXHC;
				INFOPLIST_FILE = MVVMTest/Info.plist;
				LD_RUNPATH_SEARCH_PATHS = (
					"$(inherited)",
					"@executable_path/Frameworks",
				);
				PRODUCT_BUNDLE_IDENTIFIER = com.miltonorellana.MVVMTest;
				PRODUCT_NAME = "$(TARGET_NAME)";
				SWIFT_VERSION = 5.0;
				TARGETED_DEVICE_FAMILY = "1,2";
			};
			name = Debug;
		};
		C0AAFCC9265F03EB00996609 /* Release */ = {
			isa = XCBuildConfiguration;
			buildSettings = {
				ASSETCATALOG_COMPILER_APPICON_NAME = AppIcon;
				ASSETCATALOG_COMPILER_GLOBAL_ACCENT_COLOR_NAME = AccentColor;
				CODE_SIGN_STYLE = Automatic;
				DEVELOPMENT_TEAM = G2RUWHUXHC;
				INFOPLIST_FILE = MVVMTest/Info.plist;
				LD_RUNPATH_SEARCH_PATHS = (
					"$(inherited)",
					"@executable_path/Frameworks",
				);
				PRODUCT_BUNDLE_IDENTIFIER = com.miltonorellana.MVVMTest;
				PRODUCT_NAME = "$(TARGET_NAME)";
				SWIFT_VERSION = 5.0;
				TARGETED_DEVICE_FAMILY = "1,2";
			};
			name = Release;
		};
/* End XCBuildConfiguration section */

/* Begin XCConfigurationList section */
		C0AAFCAE265F03E600996609 /* Build configuration list for PBXProject "MVVMTest" */ = {
			isa = XCConfigurationList;
			buildConfigurations = (
				C0AAFCC5265F03EB00996609 /* Debug */,
				C0AAFCC6265F03EB00996609 /* Release */,
			);
			defaultConfigurationIsVisible = 0;
			defaultConfigurationName = Release;
		};
		C0AAFCC7265F03EB00996609 /* Build configuration list for PBXNativeTarget "MVVMTest" */ = {
			isa = XCConfigurationList;
			buildConfigurations = (
				C0AAFCC8265F03EB00996609 /* Debug */,
				C0AAFCC9265F03EB00996609 /* Release */,
			);
			defaultConfigurationIsVisible = 0;
			defaultConfigurationName = Release;
		};
/* End XCConfigurationList section */

/* Begin XCRemoteSwiftPackageReference section */
		C0AAFCD5265F0B4100996609 /* XCRemoteSwiftPackageReference "Alamofire" */ = {
			isa = XCRemoteSwiftPackageReference;
			repositoryURL = "https://github.com/Alamofire/Alamofire";
			requirement = {
				kind = upToNextMajorVersion;
				minimumVersion = 5.4.3;
			};
		};
		C0AAFCDA265F1DD100996609 /* XCRemoteSwiftPackageReference "Kingfisher" */ = {
			isa = XCRemoteSwiftPackageReference;
			repositoryURL = "https://github.com/onevcat/Kingfisher";
			requirement = {
				kind = upToNextMajorVersion;
				minimumVersion = 6.3.0;
			};
		};
/* End XCRemoteSwiftPackageReference section */

/* Begin XCSwiftPackageProductDependency section */
		C0AAFCD6265F0B4100996609 /* Alamofire */ = {
			isa = XCSwiftPackageProductDependency;
			package = C0AAFCD5265F0B4100996609 /* XCRemoteSwiftPackageReference "Alamofire" */;
			productName = Alamofire;
		};
		C0AAFCDB265F1DD100996609 /* Kingfisher */ = {
			isa = XCSwiftPackageProductDependency;
			package = C0AAFCDA265F1DD100996609 /* XCRemoteSwiftPackageReference "Kingfisher" */;
			productName = Kingfisher;
		};
/* End XCSwiftPackageProductDependency section */
	};
	rootObject = C0AAFCAB265F03E600996609 /* Project object */;
}
